Microsoft Visual Studio Solution File, Format Version 11.00
# Visual Studio 2010
Project("{8BC9CEB8-8B4A-11D0-8D11-00A0C91BC942}") = "ALL_BUILD", "ALL_BUILD.vcxproj", "{A3EC8548-1589-4A48-B214-917C06290228}"
	ProjectSection(ProjectDependencies) = postProject
		{B819E668-FB4D-4B77-A3B1-2C8D02C20BC2} = {B819E668-FB4D-4B77-A3B1-2C8D02C20BC2}
		{88FF7911-47E7-4CD6-81A0-16C87CF89EE6} = {88FF7911-47E7-4CD6-81A0-16C87CF89EE6}
	EndProjectSection
EndProject
Project("{8BC9CEB8-8B4A-11D0-8D11-00A0C91BC942}") = "INSTALL", "INSTALL.vcxproj", "{8261D209-AAF0-451C-9CB8-F86EA1E00DFE}"
	ProjectSection(ProjectDependencies) = postProject
		{A3EC8548-1589-4A48-B214-917C06290228} = {A3EC8548-1589-4A48-B214-917C06290228}
	EndProjectSection
EndProject
Project("{8BC9CEB8-8B4A-11D0-8D11-00A0C91BC942}") = "ZERO_CHECK", "ZERO_CHECK.vcxproj", "{B819E668-FB4D-4B77-A3B1-2C8D02C20BC2}"
EndProject
Project("{8BC9CEB8-8B4A-11D0-8D11-00A0C91BC942}") = "layeredPolymer", "layeredPolymer.vcxproj", "{88FF7911-47E7-4CD6-81A0-16C87CF89EE6}"
	ProjectSection(ProjectDependencies) = postProject
		{B819E668-FB4D-4B77-A3B1-2C8D02C20BC2} = {B819E668-FB4D-4B77-A3B1-2C8D02C20BC2}
	EndProjectSection
EndProject
Global
	GlobalSection(SolutionConfigurationPlatforms) = preSolution
		Debug|Win32 = Debug|Win32
		MinSizeRel|Win32 = MinSizeRel|Win32
		Release|Win32 = Release|Win32
		RelWithDebInfo|Win32 = RelWithDebInfo|Win32
	EndGlobalSection
	GlobalSection(ProjectConfigurationPlatforms) = postSolution
		{A3EC8548-1589-4A48-B214-917C06290228}.Debug|Win32.ActiveCfg = Debug|Win32
		{A3EC8548-1589-4A48-B214-917C06290228}.Debug|Win32.Build.0 = Debug|Win32
		{A3EC8548-1589-4A48-B214-917C06290228}.MinSizeRel|Win32.ActiveCfg = MinSizeRel|Win32
		{A3EC8548-1589-4A48-B214-917C06290228}.MinSizeRel|Win32.Build.0 = MinSizeRel|Win32
		{A3EC8548-1589-4A48-B214-917C06290228}.Release|Win32.ActiveCfg = Release|Win32
		{A3EC8548-1589-4A48-B214-917C06290228}.Release|Win32.Build.0 = Release|Win32
		{A3EC8548-1589-4A48-B214-917C06290228}.RelWithDebInfo|Win32.ActiveCfg = RelWithDebInfo|Win32
		{A3EC8548-1589-4A48-B214-917C06290228}.RelWithDebInfo|Win32.Build.0 = RelWithDebInfo|Win32
		{8261D209-AAF0-451C-9CB8-F86EA1E00DFE}.Debug|Win32.ActiveCfg = Debug|Win32
		{8261D209-AAF0-451C-9CB8-F86EA1E00DFE}.MinSizeRel|Win32.ActiveCfg = MinSizeRel|Win32
		{8261D209-AAF0-451C-9CB8-F86EA1E00DFE}.Release|Win32.ActiveCfg = Release|Win32
		{8261D209-AAF0-451C-9CB8-F86EA1E00DFE}.RelWithDebInfo|Win32.ActiveCfg = RelWithDebInfo|Win32
		{B819E668-FB4D-4B77-A3B1-2C8D02C20BC2}.Debug|Win32.ActiveCfg = Debug|Win32
		{B819E668-FB4D-4B77-A3B1-2C8D02C20BC2}.Debug|Win32.Build.0 = Debug|Win32
		{B819E668-FB4D-4B77-A3B1-2C8D02C20BC2}.MinSizeRel|Win32.ActiveCfg = MinSizeRel|Win32
		{B819E668-FB4D-4B77-A3B1-2C8D02C20BC2}.MinSizeRel|Win32.Build.0 = MinSizeRel|Win32
		{B819E668-FB4D-4B77-A3B1-2C8D02C20BC2}.Release|Win32.ActiveCfg = Release|Win32
		{B819E668-FB4D-4B77-A3B1-2C8D02C20BC2}.Release|Win32.Build.0 = Release|Win32
		{B819E668-FB4D-4B77-A3B1-2C8D02C20BC2}.RelWithDebInfo|Win32.ActiveCfg = RelWithDebInfo|Win32
		{B819E668-FB4D-4B77-A3B1-2C8D02C20BC2}.RelWithDebInfo|Win32.Build.0 = RelWithDebInfo|Win32
		{88FF7911-47E7-4CD6-81A0-16C87CF89EE6}.Debug|Win32.ActiveCfg = Debug|Win32
		{88FF7911-47E7-4CD6-81A0-16C87CF89EE6}.Debug|Win32.Build.0 = Debug|Win32
		{88FF7911-47E7-4CD6-81A0-16C87CF89EE6}.MinSizeRel|Win32.ActiveCfg = MinSizeRel|Win32
		{88FF7911-47E7-4CD6-81A0-16C87CF89EE6}.MinSizeRel|Win32.Build.0 = MinSizeRel|Win32
		{88FF7911-47E7-4CD6-81A0-16C87CF89EE6}.Release|Win32.ActiveCfg = Release|Win32
		{88FF7911-47E7-4CD6-81A0-16C87CF89EE6}.Release|Win32.Build.0 = Release|Win32
		{88FF7911-47E7-4CD6-81A0-16C87CF89EE6}.RelWithDebInfo|Win32.ActiveCfg = RelWithDebInfo|Win32
		{88FF7911-47E7-4CD6-81A0-16C87CF89EE6}.RelWithDebInfo|Win32.Build.0 = RelWithDebInfo|Win32
	EndGlobalSection
	GlobalSection(SolutionProperties) = preSolution
		HideSolutionNode = FALSE
	EndGlobalSection
	GlobalSection(ExtensibilityGlobals) = postSolution
		VisualSVNWorkingCopyRoot = .
	EndGlobalSection
EndGlobal
